// !$*UTF8*$!
{
	archiveVersion = 1;
	classes = {
	};
	objectVersion = 46;
	objects = {

/* Begin PBXBuildFile section */
		8011DFD01C75948A00340968 /* CustomTokenFieldExample.png in Resources */ = {isa = PBXBuildFile; fileRef = 8011DFCF1C75948A00340968 /* CustomTokenFieldExample.png */; };
		803BB7831C76D7CD00D26AEA /* SMTokenFieldBox.m in Sources */ = {isa = PBXBuildFile; fileRef = 803BB7821C76D7CD00D26AEA /* SMTokenFieldBox.m */; };
		804131941C6EEBA80018D6D9 /* SMTokenFieldView.m in Sources */ = {isa = PBXBuildFile; fileRef = 804131931C6EEBA80018D6D9 /* SMTokenFieldView.m */; };
		809E09A91C6DA54F0071D813 /* search-icon.png in Resources */ = {isa = PBXBuildFile; fileRef = 809E09A81C6DA54F0071D813 /* search-icon.png */; };
		80C0E2741C6DC2DA002F4ADC /* SMTokenView.m in Sources */ = {isa = PBXBuildFile; fileRef = 80C0E2731C6DC2DA002F4ADC /* SMTokenView.m */; };
		80C0E2771C6DCB45002F4ADC /* SMTokenEditView.m in Sources */ = {isa = PBXBuildFile; fileRef = 80C0E2761C6DCB45002F4ADC /* SMTokenEditView.m */; };
		80E0851E1C6C776200964540 /* SMAppDelegate.m in Sources */ = {isa = PBXBuildFile; fileRef = 80E0851D1C6C776200964540 /* SMAppDelegate.m */; };
		80E085211C6C776200964540 /* main.m in Sources */ = {isa = PBXBuildFile; fileRef = 80E085201C6C776200964540 /* main.m */; };
		80E085241C6C776200964540 /* SMTokenFieldViewController.m in Sources */ = {isa = PBXBuildFile; fileRef = 80E085231C6C776200964540 /* SMTokenFieldViewController.m */; };
		80E085261C6C776200964540 /* Assets.xcassets in Resources */ = {isa = PBXBuildFile; fileRef = 80E085251C6C776200964540 /* Assets.xcassets */; };
		80E085291C6C776200964540 /* Main.storyboard in Resources */ = {isa = PBXBuildFile; fileRef = 80E085271C6C776200964540 /* Main.storyboard */; };
		80E085341C6C776200964540 /* CustomTokenFieldTests.m in Sources */ = {isa = PBXBuildFile; fileRef = 80E085331C6C776200964540 /* CustomTokenFieldTests.m */; };
		80E0853F1C6C776200964540 /* CustomTokenFieldUITests.m in Sources */ = {isa = PBXBuildFile; fileRef = 80E0853E1C6C776200964540 /* CustomTokenFieldUITests.m */; };
/* End PBXBuildFile section */

/* Begin PBXContainerItemProxy section */
		80E085301C6C776200964540 /* PBXContainerItemProxy */ = {
			isa = PBXContainerItemProxy;
			containerPortal = 80E085111C6C776200964540 /* Project object */;
			proxyType = 1;
			remoteGlobalIDString = 80E085181C6C776200964540;
			remoteInfo = CustomTokenField;
		};
		80E0853B1C6C776200964540 /* PBXContainerItemProxy */ = {
			isa = PBXContainerItemProxy;
			containerPortal = 80E085111C6C776200964540 /* Project object */;
			proxyType = 1;
			remoteGlobalIDString = 80E085181C6C776200964540;
			remoteInfo = CustomTokenField;
		};
/* End PBXContainerItemProxy section */

/* Begin PBXFileReference section */
		8011DFCF1C75948A00340968 /* CustomTokenFieldExample.png */ = {isa = PBXFileReference; lastKnownFileType = image.png; path = CustomTokenFieldExample.png; sourceTree = "<group>"; };
		803BB7811C76D7CD00D26AEA /* SMTokenFieldBox.h */ = {isa = PBXFileReference; fileEncoding = 4; lastKnownFileType = sourcecode.c.h; path = SMTokenFieldBox.h; sourceTree = "<group>"; };
		803BB7821C76D7CD00D26AEA /* SMTokenFieldBox.m */ = {isa = PBXFileReference; fileEncoding = 4; lastKnownFileType = sourcecode.c.objc; path = SMTokenFieldBox.m; sourceTree = "<group>"; };
		804131921C6EEBA80018D6D9 /* SMTokenFieldView.h */ = {isa = PBXFileReference; fileEncoding = 4; lastKnownFileType = sourcecode.c.h; path = SMTokenFieldView.h; sourceTree = "<group>"; };
		804131931C6EEBA80018D6D9 /* SMTokenFieldView.m */ = {isa = PBXFileReference; fileEncoding = 4; lastKnownFileType = sourcecode.c.objc; path = SMTokenFieldView.m; sourceTree = "<group>"; };
		809E09A81C6DA54F0071D813 /* search-icon.png */ = {isa = PBXFileReference; lastKnownFileType = image.png; path = "search-icon.png"; sourceTree = "<group>"; };
		80C0E2721C6DC2DA002F4ADC /* SMTokenView.h */ = {isa = PBXFileReference; fileEncoding = 4; lastKnownFileType = sourcecode.c.h; path = SMTokenView.h; sourceTree = "<group>"; };
		80C0E2731C6DC2DA002F4ADC /* SMTokenView.m */ = {isa = PBXFileReference; fileEncoding = 4; lastKnownFileType = sourcecode.c.objc; path = SMTokenView.m; sourceTree = "<group>"; };
		80C0E2751C6DCB45002F4ADC /* SMTokenEditView.h */ = {isa = PBXFileReference; fileEncoding = 4; lastKnownFileType = sourcecode.c.h; path = SMTokenEditView.h; sourceTree = "<group>"; };
		80C0E2761C6DCB45002F4ADC /* SMTokenEditView.m */ = {isa = PBXFileReference; fileEncoding = 4; lastKnownFileType = sourcecode.c.objc; path = SMTokenEditView.m; sourceTree = "<group>"; };
		80E085191C6C776200964540 /* CustomTokenField.app */ = {isa = PBXFileReference; explicitFileType = wrapper.application; includeInIndex = 0; path = CustomTokenField.app; sourceTree = BUILT_PRODUCTS_DIR; };
		80E0851C1C6C776200964540 /* SMAppDelegate.h */ = {isa = PBXFileReference; lastKnownFileType = sourcecode.c.h; path = SMAppDelegate.h; sourceTree = "<group>"; };
		80E0851D1C6C776200964540 /* SMAppDelegate.m */ = {isa = PBXFileReference; lastKnownFileType = sourcecode.c.objc; path = SMAppDelegate.m; sourceTree = "<group>"; };
		80E085201C6C776200964540 /* main.m */ = {isa = PBXFileReference; lastKnownFileType = sourcecode.c.objc; path = main.m; sourceTree = "<group>"; };
		80E085221C6C776200964540 /* SMTokenFieldViewController.h */ = {isa = PBXFileReference; lastKnownFileType = sourcecode.c.h; path = SMTokenFieldViewController.h; sourceTree = "<group>"; };
		80E085231C6C776200964540 /* SMTokenFieldViewController.m */ = {isa = PBXFileReference; lastKnownFileType = sourcecode.c.objc; path = SMTokenFieldViewController.m; sourceTree = "<group>"; };
		80E085251C6C776200964540 /* Assets.xcassets */ = {isa = PBXFileReference; lastKnownFileType = folder.assetcatalog; path = Assets.xcassets; sourceTree = "<group>"; };
		80E085281C6C776200964540 /* Base */ = {isa = PBXFileReference; lastKnownFileType = file.storyboard; name = Base; path = Base.lproj/Main.storyboard; sourceTree = "<group>"; };
		80E0852A1C6C776200964540 /* Info.plist */ = {isa = PBXFileReference; lastKnownFileType = text.plist.xml; path = Info.plist; sourceTree = "<group>"; };
		80E0852F1C6C776200964540 /* CustomTokenFieldTests.xctest */ = {isa = PBXFileReference; explicitFileType = wrapper.cfbundle; includeInIndex = 0; path = CustomTokenFieldTests.xctest; sourceTree = BUILT_PRODUCTS_DIR; };
		80E085331C6C776200964540 /* CustomTokenFieldTests.m */ = {isa = PBXFileReference; lastKnownFileType = sourcecode.c.objc; path = CustomTokenFieldTests.m; sourceTree = "<group>"; };
		80E085351C6C776200964540 /* Info.plist */ = {isa = PBXFileReference; lastKnownFileType = text.plist.xml; path = Info.plist; sourceTree = "<group>"; };
		80E0853A1C6C776200964540 /* CustomTokenFieldUITests.xctest */ = {isa = PBXFileReference; explicitFileType = wrapper.cfbundle; includeInIndex = 0; path = CustomTokenFieldUITests.xctest; sourceTree = BUILT_PRODUCTS_DIR; };
		80E0853E1C6C776200964540 /* CustomTokenFieldUITests.m */ = {isa = PBXFileReference; lastKnownFileType = sourcecode.c.objc; path = CustomTokenFieldUITests.m; sourceTree = "<group>"; };
		80E085401C6C776200964540 /* Info.plist */ = {isa = PBXFileReference; lastKnownFileType = text.plist.xml; path = Info.plist; sourceTree = "<group>"; };
/* End PBXFileReference section */

/* Begin PBXFrameworksBuildPhase section */
		80E085161C6C776200964540 /* Frameworks */ = {
			isa = PBXFrameworksBuildPhase;
			buildActionMask = 2147483647;
			files = (
			);
			runOnlyForDeploymentPostprocessing = 0;
		};
		80E0852C1C6C776200964540 /* Frameworks */ = {
			isa = PBXFrameworksBuildPhase;
			buildActionMask = 2147483647;
			files = (
			);
			runOnlyForDeploymentPostprocessing = 0;
		};
		80E085371C6C776200964540 /* Frameworks */ = {
			isa = PBXFrameworksBuildPhase;
			buildActionMask = 2147483647;
			files = (
			);
			runOnlyForDeploymentPostprocessing = 0;
		};
/* End PBXFrameworksBuildPhase section */

/* Begin PBXGroup section */
		80E085101C6C776200964540 = {
			isa = PBXGroup;
			children = (
				80E0851B1C6C776200964540 /* CustomTokenField */,
				80E085321C6C776200964540 /* CustomTokenFieldTests */,
				80E0853D1C6C776200964540 /* CustomTokenFieldUITests */,
				80E0851A1C6C776200964540 /* Products */,
			);
			sourceTree = "<group>";
		};
		80E0851A1C6C776200964540 /* Products */ = {
			isa = PBXGroup;
			children = (
				80E085191C6C776200964540 /* CustomTokenField.app */,
				80E0852F1C6C776200964540 /* CustomTokenFieldTests.xctest */,
				80E0853A1C6C776200964540 /* CustomTokenFieldUITests.xctest */,
			);
			name = Products;
			sourceTree = "<group>";
		};
		80E0851B1C6C776200964540 /* CustomTokenField */ = {
			isa = PBXGroup;
			children = (
				80E0851C1C6C776200964540 /* SMAppDelegate.h */,
				80E0851D1C6C776200964540 /* SMAppDelegate.m */,
				80C0E2751C6DCB45002F4ADC /* SMTokenEditView.h */,
				80C0E2761C6DCB45002F4ADC /* SMTokenEditView.m */,
				803BB7811C76D7CD00D26AEA /* SMTokenFieldBox.h */,
				803BB7821C76D7CD00D26AEA /* SMTokenFieldBox.m */,
				804131921C6EEBA80018D6D9 /* SMTokenFieldView.h */,
				804131931C6EEBA80018D6D9 /* SMTokenFieldView.m */,
				80E085221C6C776200964540 /* SMTokenFieldViewController.h */,
				80E085231C6C776200964540 /* SMTokenFieldViewController.m */,
				80C0E2721C6DC2DA002F4ADC /* SMTokenView.h */,
				80C0E2731C6DC2DA002F4ADC /* SMTokenView.m */,
				80E085251C6C776200964540 /* Assets.xcassets */,
				80E085271C6C776200964540 /* Main.storyboard */,
				80E0852A1C6C776200964540 /* Info.plist */,
				80E0851F1C6C776200964540 /* Supporting Files */,
			);
			path = CustomTokenField;
			sourceTree = "<group>";
		};
		80E0851F1C6C776200964540 /* Supporting Files */ = {
			isa = PBXGroup;
			children = (
				8011DFCF1C75948A00340968 /* CustomTokenFieldExample.png */,
				809E09A81C6DA54F0071D813 /* search-icon.png */,
				80E085201C6C776200964540 /* main.m */,
			);
			name = "Supporting Files";
			sourceTree = "<group>";
		};
		80E085321C6C776200964540 /* CustomTokenFieldTests */ = {
			isa = PBXGroup;
			children = (
				80E085331C6C776200964540 /* CustomTokenFieldTests.m */,
				80E085351C6C776200964540 /* Info.plist */,
			);
			path = CustomTokenFieldTests;
			sourceTree = "<group>";
		};
		80E0853D1C6C776200964540 /* CustomTokenFieldUITests */ = {
			isa = PBXGroup;
			children = (
				80E0853E1C6C776200964540 /* CustomTokenFieldUITests.m */,
				80E085401C6C776200964540 /* Info.plist */,
			);
			path = CustomTokenFieldUITests;
			sourceTree = "<group>";
		};
/* End PBXGroup section */

/* Begin PBXNativeTarget section */
		80E085181C6C776200964540 /* CustomTokenField */ = {
			isa = PBXNativeTarget;
			buildConfigurationList = 80E085431C6C776200964540 /* Build configuration list for PBXNativeTarget "CustomTokenField" */;
			buildPhases = (
				80E085151C6C776200964540 /* Sources */,
				80E085161C6C776200964540 /* Frameworks */,
				80E085171C6C776200964540 /* Resources */,
			);
			buildRules = (
			);
			dependencies = (
			);
			name = CustomTokenField;
			productName = CustomTokenField;
			productReference = 80E085191C6C776200964540 /* CustomTokenField.app */;
			productType = "com.apple.product-type.application";
		};
		80E0852E1C6C776200964540 /* CustomTokenFieldTests */ = {
			isa = PBXNativeTarget;
			buildConfigurationList = 80E085461C6C776200964540 /* Build configuration list for PBXNativeTarget "CustomTokenFieldTests" */;
			buildPhases = (
				80E0852B1C6C776200964540 /* Sources */,
				80E0852C1C6C776200964540 /* Frameworks */,
				80E0852D1C6C776200964540 /* Resources */,
			);
			buildRules = (
			);
			dependencies = (
				80E085311C6C776200964540 /* PBXTargetDependency */,
			);
			name = CustomTokenFieldTests;
			productName = CustomTokenFieldTests;
			productReference = 80E0852F1C6C776200964540 /* CustomTokenFieldTests.xctest */;
			productType = "com.apple.product-type.bundle.unit-test";
		};
		80E085391C6C776200964540 /* CustomTokenFieldUITests */ = {
			isa = PBXNativeTarget;
			buildConfigurationList = 80E085491C6C776200964540 /* Build configuration list for PBXNativeTarget "CustomTokenFieldUITests" */;
			buildPhases = (
				80E085361C6C776200964540 /* Sources */,
				80E085371C6C776200964540 /* Frameworks */,
				80E085381C6C776200964540 /* Resources */,
			);
			buildRules = (
			);
			dependencies = (
				80E0853C1C6C776200964540 /* PBXTargetDependency */,
			);
			name = CustomTokenFieldUITests;
			productName = CustomTokenFieldUITests;
			productReference = 80E0853A1C6C776200964540 /* CustomTokenFieldUITests.xctest */;
			productType = "com.apple.product-type.bundle.ui-testing";
		};
/* End PBXNativeTarget section */

/* Begin PBXProject section */
		80E085111C6C776200964540 /* Project object */ = {
			isa = PBXProject;
			attributes = {
				LastUpgradeCheck = 0720;
				ORGANIZATIONNAME = "Evgeny Baskakov";
				TargetAttributes = {
					80E085181C6C776200964540 = {
						CreatedOnToolsVersion = 7.2.1;
					};
					80E0852E1C6C776200964540 = {
						CreatedOnToolsVersion = 7.2.1;
						TestTargetID = 80E085181C6C776200964540;
					};
					80E085391C6C776200964540 = {
						CreatedOnToolsVersion = 7.2.1;
						TestTargetID = 80E085181C6C776200964540;
					};
				};
			};
			buildConfigurationList = 80E085141C6C776200964540 /* Build configuration list for PBXProject "CustomTokenField" */;
			compatibilityVersion = "Xcode 3.2";
			developmentRegion = English;
			hasScannedForEncodings = 0;
			knownRegions = (
				en,
				Base,
			);
			mainGroup = 80E085101C6C776200964540;
			productRefGroup = 80E0851A1C6C776200964540 /* Products */;
			projectDirPath = "";
			projectRoot = "";
			targets = (
				80E085181C6C776200964540 /* CustomTokenField */,
				80E0852E1C6C776200964540 /* CustomTokenFieldTests */,
				80E085391C6C776200964540 /* CustomTokenFieldUITests */,
			);
		};
/* End PBXProject section */

/* Begin PBXResourcesBuildPhase section */
		80E085171C6C776200964540 /* Resources */ = {
			isa = PBXResourcesBuildPhase;
			buildActionMask = 2147483647;
			files = (
				80E085261C6C776200964540 /* Assets.xcassets in Resources */,
				80E085291C6C776200964540 /* Main.storyboard in Resources */,
				8011DFD01C75948A00340968 /* CustomTokenFieldExample.png in Resources */,
				809E09A91C6DA54F0071D813 /* search-icon.png in Resources */,
			);
			runOnlyForDeploymentPostprocessing = 0;
		};
		80E0852D1C6C776200964540 /* Resources */ = {
			isa = PBXResourcesBuildPhase;
			buildActionMask = 2147483647;
			files = (
			);
			runOnlyForDeploymentPostprocessing = 0;
		};
		80E085381C6C776200964540 /* Resources */ = {
			isa = PBXResourcesBuildPhase;
			buildActionMask = 2147483647;
			files = (
			);
			runOnlyForDeploymentPostprocessing = 0;
		};
/* End PBXResourcesBuildPhase section */

/* Begin PBXSourcesBuildPhase section */
		80E085151C6C776200964540 /* Sources */ = {
			isa = PBXSourcesBuildPhase;
			buildActionMask = 2147483647;
			files = (
				80E085241C6C776200964540 /* SMTokenFieldViewController.m in Sources */,
				80E085211C6C776200964540 /* main.m in Sources */,
				804131941C6EEBA80018D6D9 /* SMTokenFieldView.m in Sources */,
				80E0851E1C6C776200964540 /* SMAppDelegate.m in Sources */,
				803BB7831C76D7CD00D26AEA /* SMTokenFieldBox.m in Sources */,
				80C0E2741C6DC2DA002F4ADC /* SMTokenView.m in Sources */,
				80C0E2771C6DCB45002F4ADC /* SMTokenEditView.m in Sources */,
			);
			runOnlyForDeploymentPostprocessing = 0;
		};
		80E0852B1C6C776200964540 /* Sources */ = {
			isa = PBXSourcesBuildPhase;
			buildActionMask = 2147483647;
			files = (
				80E085341C6C776200964540 /* CustomTokenFieldTests.m in Sources */,
			);
			runOnlyForDeploymentPostprocessing = 0;
		};
		80E085361C6C776200964540 /* Sources */ = {
			isa = PBXSourcesBuildPhase;
			buildActionMask = 2147483647;
			files = (
				80E0853F1C6C776200964540 /* CustomTokenFieldUITests.m in Sources */,
			);
			runOnlyForDeploymentPostprocessing = 0;
		};
/* End PBXSourcesBuildPhase section */

/* Begin PBXTargetDependency section */
		80E085311C6C776200964540 /* PBXTargetDependency */ = {
			isa = PBXTargetDependency;
			target = 80E085181C6C776200964540 /* CustomTokenField */;
			targetProxy = 80E085301C6C776200964540 /* PBXContainerItemProxy */;
		};
		80E0853C1C6C776200964540 /* PBXTargetDependency */ = {
			isa = PBXTargetDependency;
			target = 80E085181C6C776200964540 /* CustomTokenField */;
			targetProxy = 80E0853B1C6C776200964540 /* PBXContainerItemProxy */;
		};
/* End PBXTargetDependency section */

/* Begin PBXVariantGroup section */
		80E085271C6C776200964540 /* Main.storyboard */ = {
			isa = PBXVariantGroup;
			children = (
				80E085281C6C776200964540 /* Base */,
			);
			name = Main.storyboard;
			sourceTree = "<group>";
		};
/* End PBXVariantGroup section */

/* Begin XCBuildConfiguration section */
		80E085411C6C776200964540 /* Debug */ = {
			isa = XCBuildConfiguration;
			buildSettings = {
				ALWAYS_SEARCH_USER_PATHS = NO;
				CLANG_CXX_LANGUAGE_STANDARD = "gnu++0x";
				CLANG_CXX_LIBRARY = "libc++";
				CLANG_ENABLE_MODULES = YES;
				CLANG_ENABLE_OBJC_ARC = YES;
				CLANG_WARN_BOOL_CONVERSION = YES;
				CLANG_WARN_CONSTANT_CONVERSION = YES;
				CLANG_WARN_DIRECT_OBJC_ISA_USAGE = YES_ERROR;
				CLANG_WARN_EMPTY_BODY = YES;
				CLANG_WARN_ENUM_CONVERSION = YES;
				CLANG_WARN_INT_CONVERSION = YES;
				CLANG_WARN_OBJC_ROOT_CLASS = YES_ERROR;
				CLANG_WARN_UNREACHABLE_CODE = YES;
				CLANG_WARN__DUPLICATE_METHOD_MATCH = YES;
				CODE_SIGN_IDENTITY = "-";
				COPY_PHASE_STRIP = NO;
				DEBUG_INFORMATION_FORMAT = dwarf;
				ENABLE_STRICT_OBJC_MSGSEND = YES;
				ENABLE_TESTABILITY = YES;
				GCC_C_LANGUAGE_STANDARD = gnu99;
				GCC_DYNAMIC_NO_PIC = NO;
				GCC_NO_COMMON_BLOCKS = YES;
				GCC_OPTIMIZATION_LEVEL = 0;
				GCC_PREPROCESSOR_DEFINITIONS = (
					"DEBUG=1",
					"$(inherited)",
				);
				GCC_WARN_64_TO_32_BIT_CONVERSION = YES;
				GCC_WARN_ABOUT_RETURN_TYPE = YES_ERROR;
				GCC_WARN_UNDECLARED_SELECTOR = YES;
				GCC_WARN_UNINITIALIZED_AUTOS = YES_AGGRESSIVE;
				GCC_WARN_UNUSED_FUNCTION = YES;
				GCC_WARN_UNUSED_VARIABLE = YES;
				MACOSX_DEPLOYMENT_TARGET = 10.11;
				MTL_ENABLE_DEBUG_INFO = YES;
				ONLY_ACTIVE_ARCH = YES;
				SDKROOT = macosx;
			};
			name = Debug;
		};
		80E085421C6C776200964540 /* Release */ = {
			isa = XCBuildConfiguration;
			buildSettings = {
				ALWAYS_SEARCH_USER_PATHS = NO;
				CLANG_CXX_LANGUAGE_STANDARD = "gnu++0x";
				CLANG_CXX_LIBRARY = "libc++";
				CLANG_ENABLE_MODULES = YES;
				CLANG_ENABLE_OBJC_ARC = YES;
				CLANG_WARN_BOOL_CONVERSION = YES;
				CLANG_WARN_CONSTANT_CONVERSION = YES;
				CLANG_WARN_DIRECT_OBJC_ISA_USAGE = YES_ERROR;
				CLANG_WARN_EMPTY_BODY = YES;
				CLANG_WARN_ENUM_CONVERSION = YES;
				CLANG_WARN_INT_CONVERSION = YES;
				CLANG_WARN_OBJC_ROOT_CLASS = YES_ERROR;
				CLANG_WARN_UNREACHABLE_CODE = YES;
				CLANG_WARN__DUPLICATE_METHOD_MATCH = YES;
				CODE_SIGN_IDENTITY = "-";
				COPY_PHASE_STRIP = NO;
				DEBUG_INFORMATION_FORMAT = "dwarf-with-dsym";
				ENABLE_NS_ASSERTIONS = NO;
				ENABLE_STRICT_OBJC_MSGSEND = YES;
				GCC_C_LANGUAGE_STANDARD = gnu99;
				GCC_NO_COMMON_BLOCKS = YES;
				GCC_WARN_64_TO_32_BIT_CONVERSION = YES;
				GCC_WARN_ABOUT_RETURN_TYPE = YES_ERROR;
				GCC_WARN_UNDECLARED_SELECTOR = YES;
				GCC_WARN_UNINITIALIZED_AUTOS = YES_AGGRESSIVE;
				GCC_WARN_UNUSED_FUNCTION = YES;
				GCC_WARN_UNUSED_VARIABLE = YES;
				MACOSX_DEPLOYMENT_TARGET = 10.11;
				MTL_ENABLE_DEBUG_INFO = NO;
				SDKROOT = macosx;
			};
			name = Release;
		};
		80E085441C6C776200964540 /* Debug */ = {
			isa = XCBuildConfiguration;
			buildSettings = {
				ASSETCATALOG_COMPILER_APPICON_NAME = AppIcon;
				COMBINE_HIDPI_IMAGES = YES;
				INFOPLIST_FILE = CustomTokenField/Info.plist;
				LD_RUNPATH_SEARCH_PATHS = "$(inherited) @executable_path/../Frameworks";
				PRODUCT_BUNDLE_IDENTIFIER = "Simplicity-In-Code.CustomTokenField";
				PRODUCT_NAME = "$(TARGET_NAME)";
			};
			name = Debug;
		};
		80E085451C6C776200964540 /* Release */ = {
			isa = XCBuildConfiguration;
			buildSettings = {
				ASSETCATALOG_COMPILER_APPICON_NAME = AppIcon;
				COMBINE_HIDPI_IMAGES = YES;
				INFOPLIST_FILE = CustomTokenField/Info.plist;
				LD_RUNPATH_SEARCH_PATHS = "$(inherited) @executable_path/../Frameworks";
				PRODUCT_BUNDLE_IDENTIFIER = "Simplicity-In-Code.CustomTokenField";
				PRODUCT_NAME = "$(TARGET_NAME)";
			};
			name = Release;
		};
		80E085471C6C776200964540 /* Debug */ = {
			isa = XCBuildConfiguration;
			buildSettings = {
				BUNDLE_LOADER = "$(TEST_HOST)";
				COMBINE_HIDPI_IMAGES = YES;
				INFOPLIST_FILE = CustomTokenFieldTests/Info.plist;
				LD_RUNPATH_SEARCH_PATHS = "$(inherited) @executable_path/../Frameworks @loader_path/../Frameworks";
				PRODUCT_BUNDLE_IDENTIFIER = "Simplicity-In-Code.CustomTokenFieldTests";
				PRODUCT_NAME = "$(TARGET_NAME)";
				TEST_HOST = "$(BUILT_PRODUCTS_DIR)/CustomTokenField.app/Contents/MacOS/CustomTokenField";
			};
			name = Debug;
		};
		80E085481C6C776200964540 /* Release */ = {
			isa = XCBuildConfiguration;
			buildSettings = {
				BUNDLE_LOADER = "$(TEST_HOST)";
				COMBINE_HIDPI_IMAGES = YES;
				INFOPLIST_FILE = CustomTokenFieldTests/Info.plist;
				LD_RUNPATH_SEARCH_PATHS = "$(inherited) @executable_path/../Frameworks @loader_path/../Frameworks";
				PRODUCT_BUNDLE_IDENTIFIER = "Simplicity-In-Code.CustomTokenFieldTests";
				PRODUCT_NAME = "$(TARGET_NAME)";
				TEST_HOST = "$(BUILT_PRODUCTS_DIR)/CustomTokenField.app/Contents/MacOS/CustomTokenField";
			};
			name = Release;
		};
		80E0854A1C6C776200964540 /* Debug */ = {
			isa = XCBuildConfiguration;
			buildSettings = {
				COMBINE_HIDPI_IMAGES = YES;
				INFOPLIST_FILE = CustomTokenFieldUITests/Info.plist;
				LD_RUNPATH_SEARCH_PATHS = "$(inherited) @executable_path/../Frameworks @loader_path/../Frameworks";
				PRODUCT_BUNDLE_IDENTIFIER = "Simplicity-In-Code.CustomTokenFieldUITests";
				PRODUCT_NAME = "$(TARGET_NAME)";
				TEST_TARGET_NAME = CustomTokenField;
				USES_XCTRUNNER = YES;
			};
			name = Debug;
		};
		80E0854B1C6C776200964540 /* Release */ = {
			isa = XCBuildConfiguration;
			buildSettings = {
				COMBINE_HIDPI_IMAGES = YES;
				INFOPLIST_FILE = CustomTokenFieldUITests/Info.plist;
				LD_RUNPATH_SEARCH_PATHS = "$(inherited) @executable_path/../Frameworks @loader_path/../Frameworks";
				PRODUCT_BUNDLE_IDENTIFIER = "Simplicity-In-Code.CustomTokenFieldUITests";
				PRODUCT_NAME = "$(TARGET_NAME)";
				TEST_TARGET_NAME = CustomTokenField;
				USES_XCTRUNNER = YES;
			};
			name = Release;
		};
/* End XCBuildConfiguration section */

/* Begin XCConfigurationList section */
		80E085141C6C776200964540 /* Build configuration list for PBXProject "CustomTokenField" */ = {
			isa = XCConfigurationList;
			buildConfigurations = (
				80E085411C6C776200964540 /* Debug */,
				80E085421C6C776200964540 /* Release */,
			);
			defaultConfigurationIsVisible = 0;
			defaultConfigurationName = Release;
		};
		80E085431C6C776200964540 /* Build configuration list for PBXNativeTarget "CustomTokenField" */ = {
			isa = XCConfigurationList;
			buildConfigurations = (
				80E085441C6C776200964540 /* Debug */,
				80E085451C6C776200964540 /* Release */,
			);
			defaultConfigurationIsVisible = 0;
			defaultConfigurationName = Release;
		};
		80E085461C6C776200964540 /* Build configuration list for PBXNativeTarget "CustomTokenFieldTests" */ = {
			isa = XCConfigurationList;
			buildConfigurations = (
				80E085471C6C776200964540 /* Debug */,
				80E085481C6C776200964540 /* Release */,
			);
			defaultConfigurationIsVisible = 0;
			defaultConfigurationName = Release;
		};
		80E085491C6C776200964540 /* Build configuration list for PBXNativeTarget "CustomTokenFieldUITests" */ = {
			isa = XCConfigurationList;
			buildConfigurations = (
				80E0854A1C6C776200964540 /* Debug */,
				80E0854B1C6C776200964540 /* Release */,
			);
			defaultConfigurationIsVisible = 0;
			defaultConfigurationName = Release;
		};
/* End XCConfigurationList section */
	};
	rootObject = 80E085111C6C776200964540 /* Project object */;
}
